// !$*UTF8*$!
{
	archiveVersion = 1;
	classes = {
	};
	objectVersion = 50;
	objects = {

/* Begin PBXBuildFile section */
		A13821652497A4EC003699A6 /* AppDelegate.swift in Sources */ = {isa = PBXBuildFile; fileRef = A13821642497A4EC003699A6 /* AppDelegate.swift */; };
		A13821672497A4EC003699A6 /* SceneDelegate.swift in Sources */ = {isa = PBXBuildFile; fileRef = A13821662497A4EC003699A6 /* SceneDelegate.swift */; };
		A13821692497A4EC003699A6 /* ViewController.swift in Sources */ = {isa = PBXBuildFile; fileRef = A13821682497A4EC003699A6 /* ViewController.swift */; };
		A138216C2497A4EC003699A6 /* Main.storyboard in Resources */ = {isa = PBXBuildFile; fileRef = A138216A2497A4EC003699A6 /* Main.storyboard */; };
		A138216E2497A4ED003699A6 /* Assets.xcassets in Resources */ = {isa = PBXBuildFile; fileRef = A138216D2497A4ED003699A6 /* Assets.xcassets */; };
		A13821712497A4ED003699A6 /* LaunchScreen.storyboard in Resources */ = {isa = PBXBuildFile; fileRef = A138216F2497A4ED003699A6 /* LaunchScreen.storyboard */; };
		A13821A02497A57C003699A6 /* Audiograph in Resources */ = {isa = PBXBuildFile; fileRef = A138219F2497A57C003699A6 /* Audiograph */; };
/* End PBXBuildFile section */

/* Begin PBXFileReference section */
		A13821612497A4EC003699A6 /* Audiograph.app */ = {isa = PBXFileReference; explicitFileType = wrapper.application; includeInIndex = 0; path = Audiograph.app; sourceTree = BUILT_PRODUCTS_DIR; };
		A13821642497A4EC003699A6 /* AppDelegate.swift */ = {isa = PBXFileReference; lastKnownFileType = sourcecode.swift; path = AppDelegate.swift; sourceTree = "<group>"; };
		A13821662497A4EC003699A6 /* SceneDelegate.swift */ = {isa = PBXFileReference; lastKnownFileType = sourcecode.swift; path = SceneDelegate.swift; sourceTree = "<group>"; };
		A13821682497A4EC003699A6 /* ViewController.swift */ = {isa = PBXFileReference; lastKnownFileType = sourcecode.swift; path = ViewController.swift; sourceTree = "<group>"; };
		A138216B2497A4EC003699A6 /* Base */ = {isa = PBXFileReference; lastKnownFileType = file.storyboard; name = Base; path = Base.lproj/Main.storyboard; sourceTree = "<group>"; };
		A138216D2497A4ED003699A6 /* Assets.xcassets */ = {isa = PBXFileReference; lastKnownFileType = folder.assetcatalog; path = Assets.xcassets; sourceTree = "<group>"; };
		A13821702497A4ED003699A6 /* Base */ = {isa = PBXFileReference; lastKnownFileType = file.storyboard; name = Base; path = Base.lproj/LaunchScreen.storyboard; sourceTree = "<group>"; };
		A13821722497A4ED003699A6 /* Info.plist */ = {isa = PBXFileReference; lastKnownFileType = text.plist.xml; path = Info.plist; sourceTree = "<group>"; };
		A138219F2497A57C003699A6 /* Audiograph */ = {isa = PBXFileReference; lastKnownFileType = folder; name = Audiograph; path = ../../Sources/Audiograph; sourceTree = "<group>"; };
/* End PBXFileReference section */

/* Begin PBXFrameworksBuildPhase section */
		A138215E2497A4EC003699A6 /* Frameworks */ = {
			isa = PBXFrameworksBuildPhase;
			buildActionMask = 2147483647;
			files = (
			);
			runOnlyForDeploymentPostprocessing = 0;
		};
/* End PBXFrameworksBuildPhase section */

/* Begin PBXGroup section */
		A13821582497A4EC003699A6 = {
			isa = PBXGroup;
			children = (
				A13821632497A4EC003699A6 /* Audiograph */,
				A13821622497A4EC003699A6 /* Products */,
			);
			sourceTree = "<group>";
		};
		A13821622497A4EC003699A6 /* Products */ = {
			isa = PBXGroup;
			children = (
				A13821612497A4EC003699A6 /* Audiograph.app */,
			);
			name = Products;
			sourceTree = "<group>";
		};
		A13821632497A4EC003699A6 /* Audiograph */ = {
			isa = PBXGroup;
			children = (
				A13821642497A4EC003699A6 /* AppDelegate.swift */,
				A13821662497A4EC003699A6 /* SceneDelegate.swift */,
				A13821682497A4EC003699A6 /* ViewController.swift */,
				A138216A2497A4EC003699A6 /* Main.storyboard */,
				A138216D2497A4ED003699A6 /* Assets.xcassets */,
				A138216F2497A4ED003699A6 /* LaunchScreen.storyboard */,
				A13821722497A4ED003699A6 /* Info.plist */,
				A138219F2497A57C003699A6 /* Audiograph */,
			);
			path = Audiograph;
			sourceTree = "<group>";
		};
/* End PBXGroup section */

/* Begin PBXNativeTarget section */
		A13821602497A4EC003699A6 /* Audiograph */ = {
			isa = PBXNativeTarget;
			buildConfigurationList = A13821752497A4ED003699A6 /* Build configuration list for PBXNativeTarget "Audiograph" */;
			buildPhases = (
				A138215D2497A4EC003699A6 /* Sources */,
				A138215E2497A4EC003699A6 /* Frameworks */,
				A138215F2497A4EC003699A6 /* Resources */,
			);
			buildRules = (
			);
			dependencies = (
			);
			name = Audiograph;
			productName = Audiograph;
			productReference = A13821612497A4EC003699A6 /* Audiograph.app */;
			productType = "com.apple.product-type.application";
		};
/* End PBXNativeTarget section */

/* Begin PBXProject section */
		A13821592497A4EC003699A6 /* Project object */ = {
			isa = PBXProject;
			attributes = {
				LastSwiftUpdateCheck = 1150;
				LastUpgradeCheck = 1150;
				ORGANIZATIONNAME = Anerma;
				TargetAttributes = {
					A13821602497A4EC003699A6 = {
						CreatedOnToolsVersion = 11.5;
					};
				};
			};
			buildConfigurationList = A138215C2497A4EC003699A6 /* Build configuration list for PBXProject "Audiograph" */;
			compatibilityVersion = "Xcode 9.3";
			developmentRegion = en;
			hasScannedForEncodings = 0;
			knownRegions = (
				en,
				Base,
			);
			mainGroup = A13821582497A4EC003699A6;
			productRefGroup = A13821622497A4EC003699A6 /* Products */;
			projectDirPath = "";
			projectRoot = "";
			targets = (
				A13821602497A4EC003699A6 /* Audiograph */,
			);
		};
/* End PBXProject section */

/* Begin PBXResourcesBuildPhase section */
		A138215F2497A4EC003699A6 /* Resources */ = {
			isa = PBXResourcesBuildPhase;
			buildActionMask = 2147483647;
			files = (
				A13821712497A4ED003699A6 /* LaunchScreen.storyboard in Resources */,
				A138216E2497A4ED003699A6 /* Assets.xcassets in Resources */,
				A13821A02497A57C003699A6 /* Audiograph in Resources */,
				A138216C2497A4EC003699A6 /* Main.storyboard in Resources */,
			);
			runOnlyForDeploymentPostprocessing = 0;
		};
/* End PBXResourcesBuildPhase section */

/* Begin PBXSourcesBuildPhase section */
		A138215D2497A4EC003699A6 /* Sources */ = {
			isa = PBXSourcesBuildPhase;
			buildActionMask = 2147483647;
			files = (
				A13821692497A4EC003699A6 /* ViewController.swift in Sources */,
				A13821652497A4EC003699A6 /* AppDelegate.swift in Sources */,
				A13821672497A4EC003699A6 /* SceneDelegate.swift in Sources */,
			);
			runOnlyForDeploymentPostprocessing = 0;
		};
/* End PBXSourcesBuildPhase section */

/* Begin PBXVariantGroup section */
		A138216A2497A4EC003699A6 /* Main.storyboard */ = {
			isa = PBXVariantGroup;
			children = (
				A138216B2497A4EC003699A6 /* Base */,
			);
			name = Main.storyboard;
			sourceTree = "<group>";
		};
		A138216F2497A4ED003699A6 /* LaunchScreen.storyboard */ = {
			isa = PBXVariantGroup;
			children = (
				A13821702497A4ED003699A6 /* Base */,
			);
			name = LaunchScreen.storyboard;
			sourceTree = "<group>";
		};
/* End PBXVariantGroup section */

/* Begin XCBuildConfiguration section */
		A13821732497A4ED003699A6 /* Debug */ = {
			isa = XCBuildConfiguration;
			buildSettings = {
				ALWAYS_SEARCH_USER_PATHS = NO;
				CLANG_ANALYZER_NONNULL = YES;
				CLANG_ANALYZER_NUMBER_OBJECT_CONVERSION = YES_AGGRESSIVE;
				CLANG_CXX_LANGUAGE_STANDARD = "gnu++14";
				CLANG_CXX_LIBRARY = "libc++";
				CLANG_ENABLE_MODULES = YES;
				CLANG_ENABLE_OBJC_ARC = YES;
				CLANG_ENABLE_OBJC_WEAK = YES;
				CLANG_WARN_BLOCK_CAPTURE_AUTORELEASING = YES;
				CLANG_WARN_BOOL_CONVERSION = YES;
				CLANG_WARN_COMMA = YES;
				CLANG_WARN_CONSTANT_CONVERSION = YES;
				CLANG_WARN_DEPRECATED_OBJC_IMPLEMENTATIONS = YES;
				CLANG_WARN_DIRECT_OBJC_ISA_USAGE = YES_ERROR;
				CLANG_WARN_DOCUMENTATION_COMMENTS = YES;
				CLANG_WARN_EMPTY_BODY = YES;
				CLANG_WARN_ENUM_CONVERSION = YES;
				CLANG_WARN_INFINITE_RECURSION = YES;
				CLANG_WARN_INT_CONVERSION = YES;
				CLANG_WARN_NON_LITERAL_NULL_CONVERSION = YES;
				CLANG_WARN_OBJC_IMPLICIT_RETAIN_SELF = YES;
				CLANG_WARN_OBJC_LITERAL_CONVERSION = YES;
				CLANG_WARN_OBJC_ROOT_CLASS = YES_ERROR;
				CLANG_WARN_RANGE_LOOP_ANALYSIS = YES;
				CLANG_WARN_STRICT_PROTOTYPES = YES;
				CLANG_WARN_SUSPICIOUS_MOVE = YES;
				CLANG_WARN_UNGUARDED_AVAILABILITY = YES_AGGRESSIVE;
				CLANG_WARN_UNREACHABLE_CODE = YES;
				CLANG_WARN__DUPLICATE_METHOD_MATCH = YES;
				COPY_PHASE_STRIP = NO;
				DEBUG_INFORMATION_FORMAT = dwarf;
				ENABLE_STRICT_OBJC_MSGSEND = YES;
				ENABLE_TESTABILITY = YES;
				GCC_C_LANGUAGE_STANDARD = gnu11;
				GCC_DYNAMIC_NO_PIC = NO;
				GCC_NO_COMMON_BLOCKS = YES;
				GCC_OPTIMIZATION_LEVEL = 0;
				GCC_PREPROCESSOR_DEFINITIONS = (
					"DEBUG=1",
					"$(inherited)",
				);
				GCC_WARN_64_TO_32_BIT_CONVERSION = YES;
				GCC_WARN_ABOUT_RETURN_TYPE = YES_ERROR;
				GCC_WARN_UNDECLARED_SELECTOR = YES;
				GCC_WARN_UNINITIALIZED_AUTOS = YES_AGGRESSIVE;
				GCC_WARN_UNUSED_FUNCTION = YES;
				GCC_WARN_UNUSED_VARIABLE = YES;
				IPHONEOS_DEPLOYMENT_TARGET = 13.5;
				MTL_ENABLE_DEBUG_INFO = INCLUDE_SOURCE;
				MTL_FAST_MATH = YES;
				ONLY_ACTIVE_ARCH = YES;
				SDKROOT = iphoneos;
				SWIFT_ACTIVE_COMPILATION_CONDITIONS = DEBUG;
				SWIFT_OPTIMIZATION_LEVEL = "-Onone";
			};
			name = Debug;
		};
		A13821742497A4ED003699A6 /* Release */ = {
			isa = XCBuildConfiguration;
			buildSettings = {
				ALWAYS_SEARCH_USER_PATHS = NO;
				CLANG_ANALYZER_NONNULL = YES;
				CLANG_ANALYZER_NUMBER_OBJECT_CONVERSION = YES_AGGRESSIVE;
				CLANG_CXX_LANGUAGE_STANDARD = "gnu++14";
				CLANG_CXX_LIBRARY = "libc++";
				CLANG_ENABLE_MODULES = YES;
				CLANG_ENABLE_OBJC_ARC = YES;
				CLANG_ENABLE_OBJC_WEAK = YES;
				CLANG_WARN_BLOCK_CAPTURE_AUTORELEASING = YES;
				CLANG_WARN_BOOL_CONVERSION = YES;
				CLANG_WARN_COMMA = YES;
				CLANG_WARN_CONSTANT_CONVERSION = YES;
				CLANG_WARN_DEPRECATED_OBJC_IMPLEMENTATIONS = YES;
				CLANG_WARN_DIRECT_OBJC_ISA_USAGE = YES_ERROR;
				CLANG_WARN_DOCUMENTATION_COMMENTS = YES;
				CLANG_WARN_EMPTY_BODY = YES;
				CLANG_WARN_ENUM_CONVERSION = YES;
				CLANG_WARN_INFINITE_RECURSION = YES;
				CLANG_WARN_INT_CONVERSION = YES;
				CLANG_WARN_NON_LITERAL_NULL_CONVERSION = YES;
				CLANG_WARN_OBJC_IMPLICIT_RETAIN_SELF = YES;
				CLANG_WARN_OBJC_LITERAL_CONVERSION = YES;
				CLANG_WARN_OBJC_ROOT_CLASS = YES_ERROR;
				CLANG_WARN_RANGE_LOOP_ANALYSIS = YES;
				CLANG_WARN_STRICT_PROTOTYPES = YES;
				CLANG_WARN_SUSPICIOUS_MOVE = YES;
				CLANG_WARN_UNGUARDED_AVAILABILITY = YES_AGGRESSIVE;
				CLANG_WARN_UNREACHABLE_CODE = YES;
				CLANG_WARN__DUPLICATE_METHOD_MATCH = YES;
				COPY_PHASE_STRIP = NO;
				DEBUG_INFORMATION_FORMAT = "dwarf-with-dsym";
				ENABLE_NS_ASSERTIONS = NO;
				ENABLE_STRICT_OBJC_MSGSEND = YES;
				GCC_C_LANGUAGE_STANDARD = gnu11;
				GCC_NO_COMMON_BLOCKS = YES;
				GCC_WARN_64_TO_32_BIT_CONVERSION = YES;
				GCC_WARN_ABOUT_RETURN_TYPE = YES_ERROR;
				GCC_WARN_UNDECLARED_SELECTOR = YES;
				GCC_WARN_UNINITIALIZED_AUTOS = YES_AGGRESSIVE;
				GCC_WARN_UNUSED_FUNCTION = YES;
				GCC_WARN_UNUSED_VARIABLE = YES;
				IPHONEOS_DEPLOYMENT_TARGET = 13.5;
				MTL_ENABLE_DEBUG_INFO = NO;
				MTL_FAST_MATH = YES;
				SDKROOT = iphoneos;
				SWIFT_COMPILATION_MODE = wholemodule;
				SWIFT_OPTIMIZATION_LEVEL = "-O";
				VALIDATE_PRODUCT = YES;
			};
			name = Release;
		};
		A13821762497A4ED003699A6 /* Debug */ = {
			isa = XCBuildConfiguration;
			buildSettings = {
				ASSETCATALOG_COMPILER_APPICON_NAME = AppIcon;
				CODE_SIGN_STYLE = Automatic;
				INFOPLIST_FILE = Audiograph/Info.plist;
				LD_RUNPATH_SEARCH_PATHS = (
					"$(inherited)",
					"@executable_path/Frameworks",
				);
				PRODUCT_BUNDLE_IDENTIFIER = de.anerma.Audiograph;
				PRODUCT_NAME = "$(TARGET_NAME)";
				SWIFT_VERSION = 5.0;
				TARGETED_DEVICE_FAMILY = "1,2";
			};
			name = Debug;
		};
		A13821772497A4ED003699A6 /* Release */ = {
			isa = XCBuildConfiguration;
			buildSettings = {
				ASSETCATALOG_COMPILER_APPICON_NAME = AppIcon;
				CODE_SIGN_STYLE = Automatic;
				INFOPLIST_FILE = Audiograph/Info.plist;
				LD_RUNPATH_SEARCH_PATHS = (
					"$(inherited)",
					"@executable_path/Frameworks",
				);
				PRODUCT_BUNDLE_IDENTIFIER = de.anerma.Audiograph;
				PRODUCT_NAME = "$(TARGET_NAME)";
				SWIFT_VERSION = 5.0;
				TARGETED_DEVICE_FAMILY = "1,2";
			};
			name = Release;
		};
/* End XCBuildConfiguration section */

/* Begin XCConfigurationList section */
		A138215C2497A4EC003699A6 /* Build configuration list for PBXProject "Audiograph" */ = {
			isa = XCConfigurationList;
			buildConfigurations = (
				A13821732497A4ED003699A6 /* Debug */,
				A13821742497A4ED003699A6 /* Release */,
			);
			defaultConfigurationIsVisible = 0;
			defaultConfigurationName = Release;
		};
		A13821752497A4ED003699A6 /* Build configuration list for PBXNativeTarget "Audiograph" */ = {
			isa = XCConfigurationList;
			buildConfigurations = (
				A13821762497A4ED003699A6 /* Debug */,
				A13821772497A4ED003699A6 /* Release */,
			);
			defaultConfigurationIsVisible = 0;
			defaultConfigurationName = Release;
		};
/* End XCConfigurationList section */
	};
	rootObject = A13821592497A4EC003699A6 /* Project object */;
}
