// !$*UTF8*$!
{
	archiveVersion = 1;
	classes = {
	};
	objectVersion = 50;
	objects = {

/* Begin PBXBuildFile section */
		A18D2E7F2497AA5100759786 /* Audiograph.swift in Sources */ = {isa = PBXBuildFile; fileRef = A18D2E782497AA5100759786 /* Audiograph.swift */; };
		A18D2E802497AA5100759786 /* Logging.swift in Sources */ = {isa = PBXBuildFile; fileRef = A18D2E792497AA5100759786 /* Logging.swift */; };
		A18D2E812497AA5100759786 /* Synthesizer.swift in Sources */ = {isa = PBXBuildFile; fileRef = A18D2E7A2497AA5100759786 /* Synthesizer.swift */; };
		A18D2E822497AA5100759786 /* DataProcessor.swift in Sources */ = {isa = PBXBuildFile; fileRef = A18D2E7B2497AA5100759786 /* DataProcessor.swift */; };
		A18D2E832497AA5100759786 /* FrequencyGenerator.swift in Sources */ = {isa = PBXBuildFile; fileRef = A18D2E7C2497AA5100759786 /* FrequencyGenerator.swift */; };
		A18D2E842497AA5100759786 /* SoundGenerator.swift in Sources */ = {isa = PBXBuildFile; fileRef = A18D2E7D2497AA5100759786 /* SoundGenerator.swift */; };
		A18D2E852497AA5100759786 /* Types.swift in Sources */ = {isa = PBXBuildFile; fileRef = A18D2E7E2497AA5100759786 /* Types.swift */; };
/* End PBXBuildFile section */

/* Begin PBXCopyFilesBuildPhase section */
		A13821A82497A68B003699A6 /* CopyFiles */ = {
			isa = PBXCopyFilesBuildPhase;
			buildActionMask = 2147483647;
			dstPath = "include/$(PRODUCT_NAME)";
			dstSubfolderSpec = 16;
			files = (
			);
			runOnlyForDeploymentPostprocessing = 0;
		};
/* End PBXCopyFilesBuildPhase section */

/* Begin PBXFileReference section */
		A13821AA2497A68B003699A6 /* libAudiograph.a */ = {isa = PBXFileReference; explicitFileType = archive.ar; includeInIndex = 0; path = libAudiograph.a; sourceTree = BUILT_PRODUCTS_DIR; };
		A18D2E782497AA5100759786 /* Audiograph.swift */ = {isa = PBXFileReference; fileEncoding = 4; lastKnownFileType = sourcecode.swift; path = Audiograph.swift; sourceTree = "<group>"; };
		A18D2E792497AA5100759786 /* Logging.swift */ = {isa = PBXFileReference; fileEncoding = 4; lastKnownFileType = sourcecode.swift; path = Logging.swift; sourceTree = "<group>"; };
		A18D2E7A2497AA5100759786 /* Synthesizer.swift */ = {isa = PBXFileReference; fileEncoding = 4; lastKnownFileType = sourcecode.swift; path = Synthesizer.swift; sourceTree = "<group>"; };
		A18D2E7B2497AA5100759786 /* DataProcessor.swift */ = {isa = PBXFileReference; fileEncoding = 4; lastKnownFileType = sourcecode.swift; path = DataProcessor.swift; sourceTree = "<group>"; };
		A18D2E7C2497AA5100759786 /* FrequencyGenerator.swift */ = {isa = PBXFileReference; fileEncoding = 4; lastKnownFileType = sourcecode.swift; path = FrequencyGenerator.swift; sourceTree = "<group>"; };
		A18D2E7D2497AA5100759786 /* SoundGenerator.swift */ = {isa = PBXFileReference; fileEncoding = 4; lastKnownFileType = sourcecode.swift; path = SoundGenerator.swift; sourceTree = "<group>"; };
		A18D2E7E2497AA5100759786 /* Types.swift */ = {isa = PBXFileReference; fileEncoding = 4; lastKnownFileType = sourcecode.swift; path = Types.swift; sourceTree = "<group>"; };
/* End PBXFileReference section */

/* Begin PBXFrameworksBuildPhase section */
		A13821A72497A68B003699A6 /* Frameworks */ = {
			isa = PBXFrameworksBuildPhase;
			buildActionMask = 2147483647;
			files = (
			);
			runOnlyForDeploymentPostprocessing = 0;
		};
/* End PBXFrameworksBuildPhase section */

/* Begin PBXGroup section */
		A13821A12497A68B003699A6 = {
			isa = PBXGroup;
			children = (
				A13821AC2497A68B003699A6 /* Audiograph */,
				A13821AB2497A68B003699A6 /* Products */,
			);
			sourceTree = "<group>";
		};
		A13821AB2497A68B003699A6 /* Products */ = {
			isa = PBXGroup;
			children = (
				A13821AA2497A68B003699A6 /* libAudiograph.a */,
			);
			name = Products;
			sourceTree = "<group>";
		};
		A13821AC2497A68B003699A6 /* Audiograph */ = {
			isa = PBXGroup;
			children = (
				A18D2E772497AA5100759786 /* Audiograph */,
			);
			path = Audiograph;
			sourceTree = "<group>";
		};
		A18D2E772497AA5100759786 /* Audiograph */ = {
			isa = PBXGroup;
			children = (
				A18D2E782497AA5100759786 /* Audiograph.swift */,
				A18D2E792497AA5100759786 /* Logging.swift */,
				A18D2E7A2497AA5100759786 /* Synthesizer.swift */,
				A18D2E7B2497AA5100759786 /* DataProcessor.swift */,
				A18D2E7C2497AA5100759786 /* FrequencyGenerator.swift */,
				A18D2E7D2497AA5100759786 /* SoundGenerator.swift */,
				A18D2E7E2497AA5100759786 /* Types.swift */,
			);
			name = Audiograph;
			path = ../../../../../../Desktop/CocoaPodsTest/CarthageTest/Carthage/Checkouts/Audiograph/Sources/Audiograph;
			sourceTree = "<group>";
		};
/* End PBXGroup section */

/* Begin PBXNativeTarget section */
		A13821A92497A68B003699A6 /* Audiograph */ = {
			isa = PBXNativeTarget;
			buildConfigurationList = A13821B12497A68B003699A6 /* Build configuration list for PBXNativeTarget "Audiograph" */;
			buildPhases = (
				A13821A62497A68B003699A6 /* Sources */,
				A13821A72497A68B003699A6 /* Frameworks */,
				A13821A82497A68B003699A6 /* CopyFiles */,
			);
			buildRules = (
			);
			dependencies = (
			);
			name = Audiograph;
			productName = Audiograph;
			productReference = A13821AA2497A68B003699A6 /* libAudiograph.a */;
			productType = "com.apple.product-type.library.static";
		};
/* End PBXNativeTarget section */

/* Begin PBXProject section */
		A13821A22497A68B003699A6 /* Project object */ = {
			isa = PBXProject;
			attributes = {
				LastSwiftUpdateCheck = 1150;
				LastUpgradeCheck = 1150;
				ORGANIZATIONNAME = Anerma;
				TargetAttributes = {
					A13821A92497A68B003699A6 = {
						CreatedOnToolsVersion = 11.5;
						LastSwiftMigration = 1150;
					};
				};
			};
			buildConfigurationList = A13821A52497A68B003699A6 /* Build configuration list for PBXProject "Audiograph" */;
			compatibilityVersion = "Xcode 9.3";
			developmentRegion = en;
			hasScannedForEncodings = 0;
			knownRegions = (
				en,
				Base,
			);
			mainGroup = A13821A12497A68B003699A6;
			productRefGroup = A13821AB2497A68B003699A6 /* Products */;
			projectDirPath = "";
			projectRoot = "";
			targets = (
				A13821A92497A68B003699A6 /* Audiograph */,
			);
		};
/* End PBXProject section */

/* Begin PBXSourcesBuildPhase section */
		A13821A62497A68B003699A6 /* Sources */ = {
			isa = PBXSourcesBuildPhase;
			buildActionMask = 2147483647;
			files = (
				A18D2E822497AA5100759786 /* DataProcessor.swift in Sources */,
				A18D2E7F2497AA5100759786 /* Audiograph.swift in Sources */,
				A18D2E802497AA5100759786 /* Logging.swift in Sources */,
				A18D2E852497AA5100759786 /* Types.swift in Sources */,
				A18D2E842497AA5100759786 /* SoundGenerator.swift in Sources */,
				A18D2E832497AA5100759786 /* FrequencyGenerator.swift in Sources */,
				A18D2E812497AA5100759786 /* Synthesizer.swift in Sources */,
			);
			runOnlyForDeploymentPostprocessing = 0;
		};
/* End PBXSourcesBuildPhase section */

/* Begin XCBuildConfiguration section */
		A13821AF2497A68B003699A6 /* Debug */ = {
			isa = XCBuildConfiguration;
			buildSettings = {
				ALWAYS_SEARCH_USER_PATHS = NO;
				CLANG_ANALYZER_NONNULL = YES;
				CLANG_ANALYZER_NUMBER_OBJECT_CONVERSION = YES_AGGRESSIVE;
				CLANG_CXX_LANGUAGE_STANDARD = "gnu++14";
				CLANG_CXX_LIBRARY = "libc++";
				CLANG_ENABLE_MODULES = YES;
				CLANG_ENABLE_OBJC_ARC = YES;
				CLANG_ENABLE_OBJC_WEAK = YES;
				CLANG_WARN_BLOCK_CAPTURE_AUTORELEASING = YES;
				CLANG_WARN_BOOL_CONVERSION = YES;
				CLANG_WARN_COMMA = YES;
				CLANG_WARN_CONSTANT_CONVERSION = YES;
				CLANG_WARN_DEPRECATED_OBJC_IMPLEMENTATIONS = YES;
				CLANG_WARN_DIRECT_OBJC_ISA_USAGE = YES_ERROR;
				CLANG_WARN_DOCUMENTATION_COMMENTS = YES;
				CLANG_WARN_EMPTY_BODY = YES;
				CLANG_WARN_ENUM_CONVERSION = YES;
				CLANG_WARN_INFINITE_RECURSION = YES;
				CLANG_WARN_INT_CONVERSION = YES;
				CLANG_WARN_NON_LITERAL_NULL_CONVERSION = YES;
				CLANG_WARN_OBJC_IMPLICIT_RETAIN_SELF = YES;
				CLANG_WARN_OBJC_LITERAL_CONVERSION = YES;
				CLANG_WARN_OBJC_ROOT_CLASS = YES_ERROR;
				CLANG_WARN_RANGE_LOOP_ANALYSIS = YES;
				CLANG_WARN_STRICT_PROTOTYPES = YES;
				CLANG_WARN_SUSPICIOUS_MOVE = YES;
				CLANG_WARN_UNGUARDED_AVAILABILITY = YES_AGGRESSIVE;
				CLANG_WARN_UNREACHABLE_CODE = YES;
				CLANG_WARN__DUPLICATE_METHOD_MATCH = YES;
				COPY_PHASE_STRIP = NO;
				DEBUG_INFORMATION_FORMAT = dwarf;
				ENABLE_STRICT_OBJC_MSGSEND = YES;
				ENABLE_TESTABILITY = YES;
				GCC_C_LANGUAGE_STANDARD = gnu11;
				GCC_DYNAMIC_NO_PIC = NO;
				GCC_NO_COMMON_BLOCKS = YES;
				GCC_OPTIMIZATION_LEVEL = 0;
				GCC_PREPROCESSOR_DEFINITIONS = (
					"DEBUG=1",
					"$(inherited)",
				);
				GCC_WARN_64_TO_32_BIT_CONVERSION = YES;
				GCC_WARN_ABOUT_RETURN_TYPE = YES_ERROR;
				GCC_WARN_UNDECLARED_SELECTOR = YES;
				GCC_WARN_UNINITIALIZED_AUTOS = YES_AGGRESSIVE;
				GCC_WARN_UNUSED_FUNCTION = YES;
				GCC_WARN_UNUSED_VARIABLE = YES;
				IPHONEOS_DEPLOYMENT_TARGET = 13.5;
				MTL_ENABLE_DEBUG_INFO = INCLUDE_SOURCE;
				MTL_FAST_MATH = YES;
				ONLY_ACTIVE_ARCH = YES;
				SDKROOT = iphoneos;
				SWIFT_ACTIVE_COMPILATION_CONDITIONS = DEBUG;
				SWIFT_OPTIMIZATION_LEVEL = "-Onone";
			};
			name = Debug;
		};
		A13821B02497A68B003699A6 /* Release */ = {
			isa = XCBuildConfiguration;
			buildSettings = {
				ALWAYS_SEARCH_USER_PATHS = NO;
				CLANG_ANALYZER_NONNULL = YES;
				CLANG_ANALYZER_NUMBER_OBJECT_CONVERSION = YES_AGGRESSIVE;
				CLANG_CXX_LANGUAGE_STANDARD = "gnu++14";
				CLANG_CXX_LIBRARY = "libc++";
				CLANG_ENABLE_MODULES = YES;
				CLANG_ENABLE_OBJC_ARC = YES;
				CLANG_ENABLE_OBJC_WEAK = YES;
				CLANG_WARN_BLOCK_CAPTURE_AUTORELEASING = YES;
				CLANG_WARN_BOOL_CONVERSION = YES;
				CLANG_WARN_COMMA = YES;
				CLANG_WARN_CONSTANT_CONVERSION = YES;
				CLANG_WARN_DEPRECATED_OBJC_IMPLEMENTATIONS = YES;
				CLANG_WARN_DIRECT_OBJC_ISA_USAGE = YES_ERROR;
				CLANG_WARN_DOCUMENTATION_COMMENTS = YES;
				CLANG_WARN_EMPTY_BODY = YES;
				CLANG_WARN_ENUM_CONVERSION = YES;
				CLANG_WARN_INFINITE_RECURSION = YES;
				CLANG_WARN_INT_CONVERSION = YES;
				CLANG_WARN_NON_LITERAL_NULL_CONVERSION = YES;
				CLANG_WARN_OBJC_IMPLICIT_RETAIN_SELF = YES;
				CLANG_WARN_OBJC_LITERAL_CONVERSION = YES;
				CLANG_WARN_OBJC_ROOT_CLASS = YES_ERROR;
				CLANG_WARN_RANGE_LOOP_ANALYSIS = YES;
				CLANG_WARN_STRICT_PROTOTYPES = YES;
				CLANG_WARN_SUSPICIOUS_MOVE = YES;
				CLANG_WARN_UNGUARDED_AVAILABILITY = YES_AGGRESSIVE;
				CLANG_WARN_UNREACHABLE_CODE = YES;
				CLANG_WARN__DUPLICATE_METHOD_MATCH = YES;
				COPY_PHASE_STRIP = NO;
				DEBUG_INFORMATION_FORMAT = "dwarf-with-dsym";
				ENABLE_NS_ASSERTIONS = NO;
				ENABLE_STRICT_OBJC_MSGSEND = YES;
				GCC_C_LANGUAGE_STANDARD = gnu11;
				GCC_NO_COMMON_BLOCKS = YES;
				GCC_WARN_64_TO_32_BIT_CONVERSION = YES;
				GCC_WARN_ABOUT_RETURN_TYPE = YES_ERROR;
				GCC_WARN_UNDECLARED_SELECTOR = YES;
				GCC_WARN_UNINITIALIZED_AUTOS = YES_AGGRESSIVE;
				GCC_WARN_UNUSED_FUNCTION = YES;
				GCC_WARN_UNUSED_VARIABLE = YES;
				IPHONEOS_DEPLOYMENT_TARGET = 13.5;
				MTL_ENABLE_DEBUG_INFO = NO;
				MTL_FAST_MATH = YES;
				SDKROOT = iphoneos;
				SWIFT_COMPILATION_MODE = wholemodule;
				SWIFT_OPTIMIZATION_LEVEL = "-O";
				VALIDATE_PRODUCT = YES;
			};
			name = Release;
		};
		A13821B22497A68B003699A6 /* Debug */ = {
			isa = XCBuildConfiguration;
			buildSettings = {
				CLANG_ENABLE_MODULES = YES;
				CODE_SIGN_STYLE = Automatic;
				LD_RUNPATH_SEARCH_PATHS = (
					"$(inherited)",
					"@executable_path/Frameworks",
					"@loader_path/Frameworks",
				);
				OTHER_LDFLAGS = "-ObjC";
				PRODUCT_NAME = "$(TARGET_NAME)";
				SKIP_INSTALL = YES;
				SWIFT_OPTIMIZATION_LEVEL = "-Onone";
				SWIFT_VERSION = 5.0;
				TARGETED_DEVICE_FAMILY = "1,2";
			};
			name = Debug;
		};
		A13821B32497A68B003699A6 /* Release */ = {
			isa = XCBuildConfiguration;
			buildSettings = {
				CLANG_ENABLE_MODULES = YES;
				CODE_SIGN_STYLE = Automatic;
				LD_RUNPATH_SEARCH_PATHS = (
					"$(inherited)",
					"@executable_path/Frameworks",
					"@loader_path/Frameworks",
				);
				OTHER_LDFLAGS = "-ObjC";
				PRODUCT_NAME = "$(TARGET_NAME)";
				SKIP_INSTALL = YES;
				SWIFT_VERSION = 5.0;
				TARGETED_DEVICE_FAMILY = "1,2";
			};
			name = Release;
		};
/* End XCBuildConfiguration section */

/* Begin XCConfigurationList section */
		A13821A52497A68B003699A6 /* Build configuration list for PBXProject "Audiograph" */ = {
			isa = XCConfigurationList;
			buildConfigurations = (
				A13821AF2497A68B003699A6 /* Debug */,
				A13821B02497A68B003699A6 /* Release */,
			);
			defaultConfigurationIsVisible = 0;
			defaultConfigurationName = Release;
		};
		A13821B12497A68B003699A6 /* Build configuration list for PBXNativeTarget "Audiograph" */ = {
			isa = XCConfigurationList;
			buildConfigurations = (
				A13821B22497A68B003699A6 /* Debug */,
				A13821B32497A68B003699A6 /* Release */,
			);
			defaultConfigurationIsVisible = 0;
			defaultConfigurationName = Release;
		};
/* End XCConfigurationList section */
	};
	rootObject = A13821A22497A68B003699A6 /* Project object */;
}
